// !$*UTF8*$!
{
	archiveVersion = 1;
	classes = {
	};
	objectVersion = 50;
	objects = {

/* Begin PBXBuildFile section */
		678C349843ECCBA21FD84DE5 /* Pods_mARket.framework in Frameworks */ = {isa = PBXBuildFile; fileRef = B7D1C92BC41B15D0A5341E7A /* Pods_mARket.framework */; };
		7A12AFEE2087080300CDF236 /* DownloadManager.swift in Sources */ = {isa = PBXBuildFile; fileRef = 7A12AFED2087080300CDF236 /* DownloadManager.swift */; };
		7A12AFF020871F7F00CDF236 /* sceneViewController.swift in Sources */ = {isa = PBXBuildFile; fileRef = 7A12AFEF20871F7F00CDF236 /* sceneViewController.swift */; };
		7A199D662084EEB400E55813 /* AppDelegate.swift in Sources */ = {isa = PBXBuildFile; fileRef = 7A199D652084EEB400E55813 /* AppDelegate.swift */; };
		7A199D682084EEB400E55813 /* ViewController.swift in Sources */ = {isa = PBXBuildFile; fileRef = 7A199D672084EEB400E55813 /* ViewController.swift */; };
		7A199D6B2084EEB400E55813 /* Main.storyboard in Resources */ = {isa = PBXBuildFile; fileRef = 7A199D692084EEB400E55813 /* Main.storyboard */; };
		7A199D6E2084EEB400E55813 /* mARket.xcdatamodeld in Sources */ = {isa = PBXBuildFile; fileRef = 7A199D6C2084EEB400E55813 /* mARket.xcdatamodeld */; };
		7A199D702084EEB400E55813 /* Assets.xcassets in Resources */ = {isa = PBXBuildFile; fileRef = 7A199D6F2084EEB400E55813 /* Assets.xcassets */; };
		7A199D732084EEB400E55813 /* LaunchScreen.storyboard in Resources */ = {isa = PBXBuildFile; fileRef = 7A199D712084EEB400E55813 /* LaunchScreen.storyboard */; };
		7A199D7B20850B4100E55813 /* mainViewController.swift in Sources */ = {isa = PBXBuildFile; fileRef = 7A199D7A20850B4100E55813 /* mainViewController.swift */; };
		7A199D7D20850BE700E55813 /* mainTableViewCell.swift in Sources */ = {isa = PBXBuildFile; fileRef = 7A199D7C20850BE700E55813 /* mainTableViewCell.swift */; };
		7A199D7F20850D9400E55813 /* Extensions.swift in Sources */ = {isa = PBXBuildFile; fileRef = 7A199D7E20850D9400E55813 /* Extensions.swift */; };
		7A199D812085124F00E55813 /* StoreModel.swift in Sources */ = {isa = PBXBuildFile; fileRef = 7A199D802085124F00E55813 /* StoreModel.swift */; };
		7A199D832085AD7800E55813 /* storeViewController.swift in Sources */ = {isa = PBXBuildFile; fileRef = 7A199D822085AD7800E55813 /* storeViewController.swift */; };
		7A199D85208691AE00E55813 /* storeItemsCollectionViewCell.swift in Sources */ = {isa = PBXBuildFile; fileRef = 7A199D84208691AE00E55813 /* storeItemsCollectionViewCell.swift */; };
		7A199D87208691FA00E55813 /* storeItemViewController.swift in Sources */ = {isa = PBXBuildFile; fileRef = 7A199D86208691FA00E55813 /* storeItemViewController.swift */; };
		7A199D892086B8B400E55813 /* objectModel.swift in Sources */ = {isa = PBXBuildFile; fileRef = 7A199D882086B8B400E55813 /* objectModel.swift */; };
/* End PBXBuildFile section */

/* Begin PBXFileReference section */
		4DD36AD8CB60E2B85FE36A61 /* Pods-mARket.release.xcconfig */ = {isa = PBXFileReference; includeInIndex = 1; lastKnownFileType = text.xcconfig; name = "Pods-mARket.release.xcconfig"; path = "Pods/Target Support Files/Pods-mARket/Pods-mARket.release.xcconfig"; sourceTree = "<group>"; };
		669A89990DC96BE47A150E67 /* Pods-mARket.debug.xcconfig */ = {isa = PBXFileReference; includeInIndex = 1; lastKnownFileType = text.xcconfig; name = "Pods-mARket.debug.xcconfig"; path = "Pods/Target Support Files/Pods-mARket/Pods-mARket.debug.xcconfig"; sourceTree = "<group>"; };
		7A12AFED2087080300CDF236 /* DownloadManager.swift */ = {isa = PBXFileReference; lastKnownFileType = sourcecode.swift; path = DownloadManager.swift; sourceTree = "<group>"; };
		7A12AFEF20871F7F00CDF236 /* sceneViewController.swift */ = {isa = PBXFileReference; lastKnownFileType = sourcecode.swift; path = sceneViewController.swift; sourceTree = "<group>"; };
		7A199D622084EEB400E55813 /* mARket.app */ = {isa = PBXFileReference; explicitFileType = wrapper.application; includeInIndex = 0; path = mARket.app; sourceTree = BUILT_PRODUCTS_DIR; };
		7A199D652084EEB400E55813 /* AppDelegate.swift */ = {isa = PBXFileReference; lastKnownFileType = sourcecode.swift; path = AppDelegate.swift; sourceTree = "<group>"; };
		7A199D672084EEB400E55813 /* ViewController.swift */ = {isa = PBXFileReference; lastKnownFileType = sourcecode.swift; path = ViewController.swift; sourceTree = "<group>"; };
		7A199D6A2084EEB400E55813 /* Base */ = {isa = PBXFileReference; lastKnownFileType = file.storyboard; name = Base; path = Base.lproj/Main.storyboard; sourceTree = "<group>"; };
		7A199D6D2084EEB400E55813 /* mARket.xcdatamodel */ = {isa = PBXFileReference; lastKnownFileType = wrapper.xcdatamodel; path = mARket.xcdatamodel; sourceTree = "<group>"; };
		7A199D6F2084EEB400E55813 /* Assets.xcassets */ = {isa = PBXFileReference; lastKnownFileType = folder.assetcatalog; path = Assets.xcassets; sourceTree = "<group>"; };
		7A199D722084EEB400E55813 /* Base */ = {isa = PBXFileReference; lastKnownFileType = file.storyboard; name = Base; path = Base.lproj/LaunchScreen.storyboard; sourceTree = "<group>"; };
		7A199D742084EEB500E55813 /* Info.plist */ = {isa = PBXFileReference; lastKnownFileType = text.plist.xml; path = Info.plist; sourceTree = "<group>"; };
		7A199D7A20850B4100E55813 /* mainViewController.swift */ = {isa = PBXFileReference; lastKnownFileType = sourcecode.swift; path = mainViewController.swift; sourceTree = "<group>"; };
		7A199D7C20850BE700E55813 /* mainTableViewCell.swift */ = {isa = PBXFileReference; lastKnownFileType = sourcecode.swift; path = mainTableViewCell.swift; sourceTree = "<group>"; };
		7A199D7E20850D9400E55813 /* Extensions.swift */ = {isa = PBXFileReference; lastKnownFileType = sourcecode.swift; path = Extensions.swift; sourceTree = "<group>"; };
		7A199D802085124F00E55813 /* StoreModel.swift */ = {isa = PBXFileReference; lastKnownFileType = sourcecode.swift; path = StoreModel.swift; sourceTree = "<group>"; };
		7A199D822085AD7800E55813 /* storeViewController.swift */ = {isa = PBXFileReference; lastKnownFileType = sourcecode.swift; path = storeViewController.swift; sourceTree = "<group>"; };
		7A199D84208691AE00E55813 /* storeItemsCollectionViewCell.swift */ = {isa = PBXFileReference; lastKnownFileType = sourcecode.swift; path = storeItemsCollectionViewCell.swift; sourceTree = "<group>"; };
		7A199D86208691FA00E55813 /* storeItemViewController.swift */ = {isa = PBXFileReference; lastKnownFileType = sourcecode.swift; path = storeItemViewController.swift; sourceTree = "<group>"; };
		7A199D882086B8B400E55813 /* objectModel.swift */ = {isa = PBXFileReference; lastKnownFileType = sourcecode.swift; path = objectModel.swift; sourceTree = "<group>"; };
		B7D1C92BC41B15D0A5341E7A /* Pods_mARket.framework */ = {isa = PBXFileReference; explicitFileType = wrapper.framework; includeInIndex = 0; path = Pods_mARket.framework; sourceTree = BUILT_PRODUCTS_DIR; };
/* End PBXFileReference section */

/* Begin PBXFrameworksBuildPhase section */
		7A199D5F2084EEB400E55813 /* Frameworks */ = {
			isa = PBXFrameworksBuildPhase;
			buildActionMask = 2147483647;
			files = (
				678C349843ECCBA21FD84DE5 /* Pods_mARket.framework in Frameworks */,
			);
			runOnlyForDeploymentPostprocessing = 0;
		};
/* End PBXFrameworksBuildPhase section */

/* Begin PBXGroup section */
		3538F4BB74E3C4042FF941AB /* Pods */ = {
			isa = PBXGroup;
			children = (
				669A89990DC96BE47A150E67 /* Pods-mARket.debug.xcconfig */,
				4DD36AD8CB60E2B85FE36A61 /* Pods-mARket.release.xcconfig */,
			);
			name = Pods;
			sourceTree = "<group>";
		};
		3A70D14BB5D356A8DD0B2D62 /* Frameworks */ = {
			isa = PBXGroup;
			children = (
				B7D1C92BC41B15D0A5341E7A /* Pods_mARket.framework */,
			);
			name = Frameworks;
			sourceTree = "<group>";
		};
		7A199D592084EEB400E55813 = {
			isa = PBXGroup;
			children = (
				7A199D642084EEB400E55813 /* mARket */,
				7A199D632084EEB400E55813 /* Products */,
				3538F4BB74E3C4042FF941AB /* Pods */,
				3A70D14BB5D356A8DD0B2D62 /* Frameworks */,
			);
			sourceTree = "<group>";
		};
		7A199D632084EEB400E55813 /* Products */ = {
			isa = PBXGroup;
			children = (
				7A199D622084EEB400E55813 /* mARket.app */,
			);
			name = Products;
			sourceTree = "<group>";
		};
		7A199D642084EEB400E55813 /* mARket */ = {
			isa = PBXGroup;
			children = (
				7A6BB8072088DB7900E6360E /* Models */,
				7A6BB8062088DB7400E6360E /* Views */,
				7A6BB8092088DCC500E6360E /* Extentions */,
				7A199D652084EEB400E55813 /* AppDelegate.swift */,
				7A199D692084EEB400E55813 /* Main.storyboard */,
				7A199D6F2084EEB400E55813 /* Assets.xcassets */,
				7A199D712084EEB400E55813 /* LaunchScreen.storyboard */,
				7A199D742084EEB500E55813 /* Info.plist */,
				7A199D6C2084EEB400E55813 /* mARket.xcdatamodeld */,
				7A12AFED2087080300CDF236 /* DownloadManager.swift */,
			);
			path = mARket;
			sourceTree = "<group>";
		};
		7A6BB8062088DB7400E6360E /* Views */ = {
			isa = PBXGroup;
			children = (
				7A199D672084EEB400E55813 /* ViewController.swift */,
				7A199D7A20850B4100E55813 /* mainViewController.swift */,
				7A199D822085AD7800E55813 /* storeViewController.swift */,
				7A199D86208691FA00E55813 /* storeItemViewController.swift */,
				7A12AFEF20871F7F00CDF236 /* sceneViewController.swift */,
				7A6BB8082088DB8E00E6360E /* Cells */,
			);
			path = Views;
			sourceTree = "<group>";
		};
		7A6BB8072088DB7900E6360E /* Models */ = {
			isa = PBXGroup;
			children = (
				7A199D802085124F00E55813 /* StoreModel.swift */,
				7A199D882086B8B400E55813 /* objectModel.swift */,
			);
			path = Models;
			sourceTree = "<group>";
		};
		7A6BB8082088DB8E00E6360E /* Cells */ = {
			isa = PBXGroup;
			children = (
				7A199D7C20850BE700E55813 /* mainTableViewCell.swift */,
				7A199D84208691AE00E55813 /* storeItemsCollectionViewCell.swift */,
			);
			path = Cells;
			sourceTree = "<group>";
		};
		7A6BB8092088DCC500E6360E /* Extentions */ = {
			isa = PBXGroup;
			children = (
				7A199D7E20850D9400E55813 /* Extensions.swift */,
			);
			path = Extentions;
			sourceTree = "<group>";
		};
/* End PBXGroup section */

/* Begin PBXNativeTarget section */
		7A199D612084EEB400E55813 /* mARket */ = {
			isa = PBXNativeTarget;
			buildConfigurationList = 7A199D772084EEB500E55813 /* Build configuration list for PBXNativeTarget "mARket" */;
			buildPhases = (
				B5CFC7BC759BB4841C321ED2 /* [CP] Check Pods Manifest.lock */,
				7A199D5E2084EEB400E55813 /* Sources */,
				7A199D5F2084EEB400E55813 /* Frameworks */,
				7A199D602084EEB400E55813 /* Resources */,
				5E78527EC41D0C45550AA553 /* [CP] Embed Pods Frameworks */,
				34BEAA5BC34C93AA86E7FCBB /* [CP] Copy Pods Resources */,
			);
			buildRules = (
			);
			dependencies = (
			);
			name = mARket;
			productName = mARket;
			productReference = 7A199D622084EEB400E55813 /* mARket.app */;
			productType = "com.apple.product-type.application";
		};
/* End PBXNativeTarget section */

/* Begin PBXProject section */
		7A199D5A2084EEB400E55813 /* Project object */ = {
			isa = PBXProject;
			attributes = {
				LastSwiftUpdateCheck = 0930;
				LastUpgradeCheck = 0930;
				ORGANIZATIONNAME = "Michael Benton";
				TargetAttributes = {
					7A199D612084EEB400E55813 = {
						CreatedOnToolsVersion = 9.3;
					};
				};
			};
			buildConfigurationList = 7A199D5D2084EEB400E55813 /* Build configuration list for PBXProject "mARket" */;
			compatibilityVersion = "Xcode 9.3";
			developmentRegion = en;
			hasScannedForEncodings = 0;
			knownRegions = (
				en,
				Base,
			);
			mainGroup = 7A199D592084EEB400E55813;
			productRefGroup = 7A199D632084EEB400E55813 /* Products */;
			projectDirPath = "";
			projectRoot = "";
			targets = (
				7A199D612084EEB400E55813 /* mARket */,
			);
		};
/* End PBXProject section */

/* Begin PBXResourcesBuildPhase section */
		7A199D602084EEB400E55813 /* Resources */ = {
			isa = PBXResourcesBuildPhase;
			buildActionMask = 2147483647;
			files = (
				7A199D732084EEB400E55813 /* LaunchScreen.storyboard in Resources */,
				7A199D702084EEB400E55813 /* Assets.xcassets in Resources */,
				7A199D6B2084EEB400E55813 /* Main.storyboard in Resources */,
			);
			runOnlyForDeploymentPostprocessing = 0;
		};
/* End PBXResourcesBuildPhase section */

/* Begin PBXShellScriptBuildPhase section */
		34BEAA5BC34C93AA86E7FCBB /* [CP] Copy Pods Resources */ = {
			isa = PBXShellScriptBuildPhase;
			buildActionMask = 2147483647;
			files = (
			);
			inputPaths = (
			);
			name = "[CP] Copy Pods Resources";
			outputPaths = (
			);
			runOnlyForDeploymentPostprocessing = 0;
			shellPath = /bin/sh;
			shellScript = "\"${SRCROOT}/Pods/Target Support Files/Pods-mARket/Pods-mARket-resources.sh\"\n";
			showEnvVarsInLog = 0;
		};
		5E78527EC41D0C45550AA553 /* [CP] Embed Pods Frameworks */ = {
			isa = PBXShellScriptBuildPhase;
			buildActionMask = 2147483647;
			files = (
			);
			inputPaths = (
				"${SRCROOT}/Pods/Target Support Files/Pods-mARket/Pods-mARket-frameworks.sh",
				"${BUILT_PRODUCTS_DIR}/GzipSwift/Gzip.framework",
				"${BUILT_PRODUCTS_DIR}/Light-Untar/Light_Untar.framework",
				"${BUILT_PRODUCTS_DIR}/SwiftKeychainWrapper/SwiftKeychainWrapper.framework",
			);
			name = "[CP] Embed Pods Frameworks";
			outputPaths = (
				"${TARGET_BUILD_DIR}/${FRAMEWORKS_FOLDER_PATH}/Gzip.framework",
				"${TARGET_BUILD_DIR}/${FRAMEWORKS_FOLDER_PATH}/Light_Untar.framework",
				"${TARGET_BUILD_DIR}/${FRAMEWORKS_FOLDER_PATH}/SwiftKeychainWrapper.framework",
			);
			runOnlyForDeploymentPostprocessing = 0;
			shellPath = /bin/sh;
			shellScript = "\"${SRCROOT}/Pods/Target Support Files/Pods-mARket/Pods-mARket-frameworks.sh\"\n";
			showEnvVarsInLog = 0;
		};
		B5CFC7BC759BB4841C321ED2 /* [CP] Check Pods Manifest.lock */ = {
			isa = PBXShellScriptBuildPhase;
			buildActionMask = 2147483647;
			files = (
			);
			inputPaths = (
				"${PODS_PODFILE_DIR_PATH}/Podfile.lock",
				"${PODS_ROOT}/Manifest.lock",
			);
			name = "[CP] Check Pods Manifest.lock";
			outputPaths = (
				"$(DERIVED_FILE_DIR)/Pods-mARket-checkManifestLockResult.txt",
			);
			runOnlyForDeploymentPostprocessing = 0;
			shellPath = /bin/sh;
			shellScript = "diff \"${PODS_PODFILE_DIR_PATH}/Podfile.lock\" \"${PODS_ROOT}/Manifest.lock\" > /dev/null\nif [ $? != 0 ] ; then\n    # print error to STDERR\n    echo \"error: The sandbox is not in sync with the Podfile.lock. Run 'pod install' or update your CocoaPods installation.\" >&2\n    exit 1\nfi\n# This output is used by Xcode 'outputs' to avoid re-running this script phase.\necho \"SUCCESS\" > \"${SCRIPT_OUTPUT_FILE_0}\"\n";
			showEnvVarsInLog = 0;
		};
/* End PBXShellScriptBuildPhase section */

/* Begin PBXSourcesBuildPhase section */
		7A199D5E2084EEB400E55813 /* Sources */ = {
			isa = PBXSourcesBuildPhase;
			buildActionMask = 2147483647;
			files = (
				7A199D832085AD7800E55813 /* storeViewController.swift in Sources */,
				7A199D892086B8B400E55813 /* objectModel.swift in Sources */,
				7A199D682084EEB400E55813 /* ViewController.swift in Sources */,
				7A12AFF020871F7F00CDF236 /* sceneViewController.swift in Sources */,
				7A199D7F20850D9400E55813 /* Extensions.swift in Sources */,
				7A199D662084EEB400E55813 /* AppDelegate.swift in Sources */,
				7A199D7D20850BE700E55813 /* mainTableViewCell.swift in Sources */,
				7A199D87208691FA00E55813 /* storeItemViewController.swift in Sources */,
				7A12AFEE2087080300CDF236 /* DownloadManager.swift in Sources */,
				7A199D812085124F00E55813 /* StoreModel.swift in Sources */,
				7A199D6E2084EEB400E55813 /* mARket.xcdatamodeld in Sources */,
				7A199D85208691AE00E55813 /* storeItemsCollectionViewCell.swift in Sources */,
				7A199D7B20850B4100E55813 /* mainViewController.swift in Sources */,
			);
			runOnlyForDeploymentPostprocessing = 0;
		};
/* End PBXSourcesBuildPhase section */

/* Begin PBXVariantGroup section */
		7A199D692084EEB400E55813 /* Main.storyboard */ = {
			isa = PBXVariantGroup;
			children = (
				7A199D6A2084EEB400E55813 /* Base */,
			);
			name = Main.storyboard;
			sourceTree = "<group>";
		};
		7A199D712084EEB400E55813 /* LaunchScreen.storyboard */ = {
			isa = PBXVariantGroup;
			children = (
				7A199D722084EEB400E55813 /* Base */,
			);
			name = LaunchScreen.storyboard;
			sourceTree = "<group>";
		};
/* End PBXVariantGroup section */

/* Begin XCBuildConfiguration section */
		7A199D752084EEB500E55813 /* Debug */ = {
			isa = XCBuildConfiguration;
			buildSettings = {
				ALWAYS_SEARCH_USER_PATHS = NO;
				CLANG_ANALYZER_NONNULL = YES;
				CLANG_ANALYZER_NUMBER_OBJECT_CONVERSION = YES_AGGRESSIVE;
				CLANG_CXX_LANGUAGE_STANDARD = "gnu++14";
				CLANG_CXX_LIBRARY = "libc++";
				CLANG_ENABLE_MODULES = YES;
				CLANG_ENABLE_OBJC_ARC = YES;
				CLANG_ENABLE_OBJC_WEAK = YES;
				CLANG_WARN_BLOCK_CAPTURE_AUTORELEASING = YES;
				CLANG_WARN_BOOL_CONVERSION = YES;
				CLANG_WARN_COMMA = YES;
				CLANG_WARN_CONSTANT_CONVERSION = YES;
				CLANG_WARN_DEPRECATED_OBJC_IMPLEMENTATIONS = YES;
				CLANG_WARN_DIRECT_OBJC_ISA_USAGE = YES_ERROR;
				CLANG_WARN_DOCUMENTATION_COMMENTS = YES;
				CLANG_WARN_EMPTY_BODY = YES;
				CLANG_WARN_ENUM_CONVERSION = YES;
				CLANG_WARN_INFINITE_RECURSION = YES;
				CLANG_WARN_INT_CONVERSION = YES;
				CLANG_WARN_NON_LITERAL_NULL_CONVERSION = YES;
				CLANG_WARN_OBJC_IMPLICIT_RETAIN_SELF = YES;
				CLANG_WARN_OBJC_LITERAL_CONVERSION = YES;
				CLANG_WARN_OBJC_ROOT_CLASS = YES_ERROR;
				CLANG_WARN_RANGE_LOOP_ANALYSIS = YES;
				CLANG_WARN_STRICT_PROTOTYPES = YES;
				CLANG_WARN_SUSPICIOUS_MOVE = YES;
				CLANG_WARN_UNGUARDED_AVAILABILITY = YES_AGGRESSIVE;
				CLANG_WARN_UNREACHABLE_CODE = YES;
				CLANG_WARN__DUPLICATE_METHOD_MATCH = YES;
				CODE_SIGN_IDENTITY = "iPhone Developer";
				COPY_PHASE_STRIP = NO;
				DEBUG_INFORMATION_FORMAT = dwarf;
				ENABLE_STRICT_OBJC_MSGSEND = YES;
				ENABLE_TESTABILITY = YES;
				GCC_C_LANGUAGE_STANDARD = gnu11;
				GCC_DYNAMIC_NO_PIC = NO;
				GCC_NO_COMMON_BLOCKS = YES;
				GCC_OPTIMIZATION_LEVEL = 0;
				GCC_PREPROCESSOR_DEFINITIONS = (
					"DEBUG=1",
					"$(inherited)",
				);
				GCC_WARN_64_TO_32_BIT_CONVERSION = YES;
				GCC_WARN_ABOUT_RETURN_TYPE = YES_ERROR;
				GCC_WARN_UNDECLARED_SELECTOR = YES;
				GCC_WARN_UNINITIALIZED_AUTOS = YES_AGGRESSIVE;
				GCC_WARN_UNUSED_FUNCTION = YES;
				GCC_WARN_UNUSED_VARIABLE = YES;
				IPHONEOS_DEPLOYMENT_TARGET = 11.3;
				MTL_ENABLE_DEBUG_INFO = YES;
				ONLY_ACTIVE_ARCH = YES;
				SDKROOT = iphoneos;
				SWIFT_ACTIVE_COMPILATION_CONDITIONS = DEBUG;
				SWIFT_OPTIMIZATION_LEVEL = "-Onone";
			};
			name = Debug;
		};
		7A199D762084EEB500E55813 /* Release */ = {
			isa = XCBuildConfiguration;
			buildSettings = {
				ALWAYS_SEARCH_USER_PATHS = NO;
				CLANG_ANALYZER_NONNULL = YES;
				CLANG_ANALYZER_NUMBER_OBJECT_CONVERSION = YES_AGGRESSIVE;
				CLANG_CXX_LANGUAGE_STANDARD = "gnu++14";
				CLANG_CXX_LIBRARY = "libc++";
				CLANG_ENABLE_MODULES = YES;
				CLANG_ENABLE_OBJC_ARC = YES;
				CLANG_ENABLE_OBJC_WEAK = YES;
				CLANG_WARN_BLOCK_CAPTURE_AUTORELEASING = YES;
				CLANG_WARN_BOOL_CONVERSION = YES;
				CLANG_WARN_COMMA = YES;
				CLANG_WARN_CONSTANT_CONVERSION = YES;
				CLANG_WARN_DEPRECATED_OBJC_IMPLEMENTATIONS = YES;
				CLANG_WARN_DIRECT_OBJC_ISA_USAGE = YES_ERROR;
				CLANG_WARN_DOCUMENTATION_COMMENTS = YES;
				CLANG_WARN_EMPTY_BODY = YES;
				CLANG_WARN_ENUM_CONVERSION = YES;
				CLANG_WARN_INFINITE_RECURSION = YES;
				CLANG_WARN_INT_CONVERSION = YES;
				CLANG_WARN_NON_LITERAL_NULL_CONVERSION = YES;
				CLANG_WARN_OBJC_IMPLICIT_RETAIN_SELF = YES;
				CLANG_WARN_OBJC_LITERAL_CONVERSION = YES;
				CLANG_WARN_OBJC_ROOT_CLASS = YES_ERROR;
				CLANG_WARN_RANGE_LOOP_ANALYSIS = YES;
				CLANG_WARN_STRICT_PROTOTYPES = YES;
				CLANG_WARN_SUSPICIOUS_MOVE = YES;
				CLANG_WARN_UNGUARDED_AVAILABILITY = YES_AGGRESSIVE;
				CLANG_WARN_UNREACHABLE_CODE = YES;
				CLANG_WARN__DUPLICATE_METHOD_MATCH = YES;
				CODE_SIGN_IDENTITY = "iPhone Developer";
				COPY_PHASE_STRIP = NO;
				DEBUG_INFORMATION_FORMAT = "dwarf-with-dsym";
				ENABLE_NS_ASSERTIONS = NO;
				ENABLE_STRICT_OBJC_MSGSEND = YES;
				GCC_C_LANGUAGE_STANDARD = gnu11;
				GCC_NO_COMMON_BLOCKS = YES;
				GCC_WARN_64_TO_32_BIT_CONVERSION = YES;
				GCC_WARN_ABOUT_RETURN_TYPE = YES_ERROR;
				GCC_WARN_UNDECLARED_SELECTOR = YES;
				GCC_WARN_UNINITIALIZED_AUTOS = YES_AGGRESSIVE;
				GCC_WARN_UNUSED_FUNCTION = YES;
				GCC_WARN_UNUSED_VARIABLE = YES;
				IPHONEOS_DEPLOYMENT_TARGET = 11.3;
				MTL_ENABLE_DEBUG_INFO = NO;
				SDKROOT = iphoneos;
				SWIFT_COMPILATION_MODE = wholemodule;
				SWIFT_OPTIMIZATION_LEVEL = "-O";
				VALIDATE_PRODUCT = YES;
			};
			name = Release;
		};
		7A199D782084EEB500E55813 /* Debug */ = {
			isa = XCBuildConfiguration;
			baseConfigurationReference = 669A89990DC96BE47A150E67 /* Pods-mARket.debug.xcconfig */;
			buildSettings = {
				ASSETCATALOG_COMPILER_APPICON_NAME = AppIcon;
				CODE_SIGN_STYLE = Automatic;
				DEVELOPMENT_TEAM = ADXN7XEWNA;
				INFOPLIST_FILE = mARket/Info.plist;
				LD_RUNPATH_SEARCH_PATHS = (
					"$(inherited)",
					"@executable_path/Frameworks",
				);
				PRODUCT_BUNDLE_IDENTIFIER = MichaelBenton.mARket;
				PRODUCT_NAME = "$(TARGET_NAME)";
				SWIFT_VERSION = 4.0;
				TARGETED_DEVICE_FAMILY = 1;
			};
			name = Debug;
		};
		7A199D792084EEB500E55813 /* Release */ = {
			isa = XCBuildConfiguration;
			baseConfigurationReference = 4DD36AD8CB60E2B85FE36A61 /* Pods-mARket.release.xcconfig */;
			buildSettings = {
				ASSETCATALOG_COMPILER_APPICON_NAME = AppIcon;
				CODE_SIGN_STYLE = Automatic;
				DEVELOPMENT_TEAM = ADXN7XEWNA;
				INFOPLIST_FILE = mARket/Info.plist;
				LD_RUNPATH_SEARCH_PATHS = (
					"$(inherited)",
					"@executable_path/Frameworks",
				);
				PRODUCT_BUNDLE_IDENTIFIER = MichaelBenton.mARket;
				PRODUCT_NAME = "$(TARGET_NAME)";
				SWIFT_VERSION = 4.0;
				TARGETED_DEVICE_FAMILY = 1;
			};
			name = Release;
		};
/* End XCBuildConfiguration section */

/* Begin XCConfigurationList section */
		7A199D5D2084EEB400E55813 /* Build configuration list for PBXProject "mARket" */ = {
			isa = XCConfigurationList;
			buildConfigurations = (
				7A199D752084EEB500E55813 /* Debug */,
				7A199D762084EEB500E55813 /* Release */,
			);
			defaultConfigurationIsVisible = 0;
			defaultConfigurationName = Release;
		};
		7A199D772084EEB500E55813 /* Build configuration list for PBXNativeTarget "mARket" */ = {
			isa = XCConfigurationList;
			buildConfigurations = (
				7A199D782084EEB500E55813 /* Debug */,
				7A199D792084EEB500E55813 /* Release */,
			);
			defaultConfigurationIsVisible = 0;
			defaultConfigurationName = Release;
		};
/* End XCConfigurationList section */

/* Begin XCVersionGroup section */
		7A199D6C2084EEB400E55813 /* mARket.xcdatamodeld */ = {
			isa = XCVersionGroup;
			children = (
				7A199D6D2084EEB400E55813 /* mARket.xcdatamodel */,
			);
			currentVersion = 7A199D6D2084EEB400E55813 /* mARket.xcdatamodel */;
			path = mARket.xcdatamodeld;
			sourceTree = "<group>";
			versionGroupType = wrapper.xcdatamodel;
		};
/* End XCVersionGroup section */
	};
	rootObject = 7A199D5A2084EEB400E55813 /* Project object */;
}
